
Microsoft Visual Studio Solution File, Format Version 12.00
# Visual Studio Version 17
VisualStudioVersion = 17.10.34928.147
MinimumVisualStudioVersion = 10.0.40219.1
Project("{FAE04EC0-301F-11D3-BF4B-00C04F79EFBC}") = "Practic4", "Practic4\Practic4.csproj", "{6BE5D20E-9A9A-44AA-8717-C5159F2C1897}"
EndProject
Global
	GlobalSection(SolutionConfigurationPlatforms) = preSolution
		Debug|Any CPU = Debug|Any CPU
		Release|Any CPU = Release|Any CPU
	EndGlobalSection
	GlobalSection(ProjectConfigurationPlatforms) = postSolution
		{6BE5D20E-9A9A-44AA-8717-C5159F2C1897}.Debug|Any CPU.ActiveCfg = Debug|Any CPU
		{6BE5D20E-9A9A-44AA-8717-C5159F2C1897}.Debug|Any CPU.Build.0 = Debug|Any CPU
		{6BE5D20E-9A9A-44AA-8717-C5159F2C1897}.Release|Any CPU.ActiveCfg = Release|Any CPU
		{6BE5D20E-9A9A-44AA-8717-C5159F2C1897}.Release|Any CPU.Build.0 = Release|Any CPU
	EndGlobalSection
	GlobalSection(SolutionProperties) = preSolution
		HideSolutionNode = FALSE
	EndGlobalSection
	GlobalSection(ExtensibilityGlobals) = postSolution
		SolutionGuid = {8099952E-C608-4991-9270-EADEF140A70F}
	EndGlobalSection
EndGlobal
